# @generated by Move, please check-in and do not edit manually.

[move]
version = 1
manifest_digest = "B70A186772DD522A8D8DC380E7217B09F79FE8D34CB09A27CD39E5FFA487CA30"
deps_digest = "060AD7E57DFB13104F21BE5F5C3759D03F0553FC3229247D9A7A6B45F50D03A3"
dependencies = [
  { name = "Iota" },
  { name = "IotaSystem" },
  { name = "MoveStdlib" },
]

[[move.package]]
name = "Iota"
source = { local = "../iota-framework" }

dependencies = [
  { name = "MoveStdlib" },
]

[[move.package]]
name = "IotaSystem"
source = { local = "../iota-system" }

dependencies = [
  { name = "Iota" },
  { name = "MoveStdlib" },
]

[[move.package]]
name = "MoveStdlib"
source = { local = "../move-stdlib" }

[move.toolchain-version]
compiler-version = "1.22.0"
edition = "legacy"
flavor = "iota"
