# @generated by Move, please check-in and do not edit manually.

[move]
version = 3
manifest_digest = "E3C619EBC41865FC3F09BBAFCD3366A980AF7953AA387518F16BACB5E8028141"
deps_digest = "52B406A7A21811BEF51751CF88DA0E76DAEFFEAC888D4F4060B1A72BBE7D8D35"
dependencies = [
  { id = "C", name = "C" },
  { id = "D", name = "D" },
  { id = "Iota", name = "Iota" },
  { id = "IotaSystem", name = "IotaSystem" },
  { id = "MoveStdlib", name = "MoveStdlib" },
  { id = "Stardust", name = "Stardust" },
]

[[move.package]]
id = "C"
source = { local = "../C" }

dependencies = [
  { id = "D", name = "D" },
  { id = "Iota", name = "Iota" },
  { id = "IotaSystem", name = "IotaSystem" },
  { id = "MoveStdlib", name = "MoveStdlib" },
  { id = "Stardust", name = "Stardust" },
]

[[move.package]]
id = "D"
source = { local = "../D" }

dependencies = [
  { id = "Iota", name = "Iota" },
  { id = "IotaSystem", name = "IotaSystem" },
  { id = "MoveStdlib", name = "MoveStdlib" },
  { id = "Stardust", name = "Stardust" },
]

[[move.package]]
id = "Iota"
source = { git = "https://github.com/iotaledger/iota.git", rev = "0a63c0144a9c87bbb33fb80d5f6f734acbf2931c", subdir = "crates/iota-framework/packages/iota-framework" }

dependencies = [
  { id = "MoveStdlib", name = "MoveStdlib" },
]

[[move.package]]
id = "IotaSystem"
source = { git = "https://github.com/iotaledger/iota.git", rev = "0a63c0144a9c87bbb33fb80d5f6f734acbf2931c", subdir = "crates/iota-framework/packages/iota-system" }

dependencies = [
  { id = "Iota", name = "Iota" },
  { id = "MoveStdlib", name = "MoveStdlib" },
]

[[move.package]]
id = "MoveStdlib"
source = { git = "https://github.com/iotaledger/iota.git", rev = "0a63c0144a9c87bbb33fb80d5f6f734acbf2931c", subdir = "crates/iota-framework/packages/move-stdlib" }

[[move.package]]
id = "Stardust"
source = { git = "https://github.com/iotaledger/iota.git", rev = "0a63c0144a9c87bbb33fb80d5f6f734acbf2931c", subdir = "crates/iota-framework/packages/stardust" }

dependencies = [
  { id = "Iota", name = "Iota" },
  { id = "MoveStdlib", name = "MoveStdlib" },
]

[move.toolchain-version]
compiler-version = "1.30.0-alpha"
edition = "2024.beta"
flavor = "iota"
